{
  "name": "papillon-navigation",
  "version": "1.0.39",
  "lockfileVersion": 1,
  "requires": true,
  "dependencies": {
    "primer": {
      "version": "10.9.0",
      "resolved": "https://registry.npmjs.org/primer/-/primer-10.9.0.tgz",
      "integrity": "sha512-kyX9my0hvlueX8EenHf7+jasrA7r42DgEf7yAKqsUlVlRrKzHw+MofhRsxmNZtyzhFrrwtUndXpgWx2EsjWlIQ==",
      "requires": {
        "primer-alerts": "1.5.10",
        "primer-avatars": "1.5.7",
        "primer-base": "1.8.0",
        "primer-blankslate": "1.4.10",
        "primer-box": "2.5.10",
        "primer-branch-name": "1.0.8",
        "primer-breadcrumb": "1.5.6",
        "primer-buttons": "2.6.1",
        "primer-core": "6.10.4",
        "primer-forms": "2.1.5",
        "primer-labels": "1.5.10",
        "primer-layout": "1.5.0",
        "primer-markdown": "3.7.10",
        "primer-marketing": "6.3.0",
        "primer-marketing-buttons": "1.0.10",
        "primer-marketing-support": "1.5.3",
        "primer-marketing-type": "1.4.10",
        "primer-marketing-utilities": "1.7.0",
        "primer-navigation": "1.5.8",
        "primer-page-headers": "1.5.0",
        "primer-page-sections": "1.5.0",
        "primer-pagination": "1.0.4",
        "primer-popover": "0.1.5",
        "primer-product": "5.7.0",
        "primer-subhead": "1.0.8",
        "primer-support": "4.6.1",
        "primer-table-object": "1.4.10",
        "primer-tables": "1.5.0",
        "primer-tooltips": "1.5.8",
        "primer-truncate": "1.4.10",
        "primer-utilities": "4.13.0"
      }
    },
    "primer-alerts": {
      "version": "1.5.10",
      "resolved": "https://registry.npmjs.org/primer-alerts/-/primer-alerts-1.5.10.tgz",
      "integrity": "sha512-W9630SPHkcXneJUtLxSoB/hXTlEB+VY8MaJVYZLYRbSBllch9hX9YcAG9T5EikeeFDh4YNfmmkhHUsD2O5YQbg==",
      "requires": {
        "primer-support": "4.6.1"
      }
    },
    "primer-avatars": {
      "version": "1.5.7",
      "resolved": "https://registry.npmjs.org/primer-avatars/-/primer-avatars-1.5.7.tgz",
      "integrity": "sha512-n3mxfKLLlNDyUsQvtD8odz6egXwI/iSH+ZRjW2pZnSqWM1qDzlDtExdNsKd66fPqQvlxqcu5qM6OcZ3KNpsxyA==",
      "requires": {
        "primer-support": "4.6.1"
      }
    },
    "primer-base": {
      "version": "1.8.0",
      "resolved": "https://registry.npmjs.org/primer-base/-/primer-base-1.8.0.tgz",
      "integrity": "sha512-dRzyFVbAaTLTeZmstLU5a3kgNh5ppJCO7a7NFtwhVS0bRgqIFnIgNwWm9BoxZ3Sd9hwV4IE/oQ1EhKVXwjV49Q==",
      "requires": {
        "primer-support": "4.6.1"
      }
    },
    "primer-blankslate": {
      "version": "1.4.10",
      "resolved": "https://registry.npmjs.org/primer-blankslate/-/primer-blankslate-1.4.10.tgz",
      "integrity": "sha512-YyDhht1JMNhQi/a6tsAa3L+DiIZ0n1Dxyz64E3eN48MXSvTTOpQmKfoiPnf5IOxm5E3JR/jOcIvFPXD6j7sRzQ==",
      "requires": {
        "primer-support": "4.6.1"
      }
    },
    "primer-box": {
      "version": "2.5.10",
      "resolved": "https://registry.npmjs.org/primer-box/-/primer-box-2.5.10.tgz",
      "integrity": "sha512-uKTAmbQoIgr1l/hDii1m4HEnTASyPDijm0FBY4VJybpF3gDHyFD7aPCvqZzV2Z8j66iBwaMEjl1SQg2uOnw2JA==",
      "requires": {
        "primer-support": "4.6.1"
      }
    },
    "primer-branch-name": {
      "version": "1.0.8",
      "resolved": "https://registry.npmjs.org/primer-branch-name/-/primer-branch-name-1.0.8.tgz",
      "integrity": "sha512-6DGU+mrRlZK7MKcxKuT0KuO0kbCsNNKSUgAklE4Lill6AAD59oGeWoAKl6SNZ+0n7Uvugc7XE+4bChJxJfrrpw==",
      "requires": {
        "primer-support": "4.6.1"
      }
    },
    "primer-breadcrumb": {
      "version": "1.5.6",
      "resolved": "https://registry.npmjs.org/primer-breadcrumb/-/primer-breadcrumb-1.5.6.tgz",
      "integrity": "sha512-7nXZmIJRyWLA7b+CZB0C3Lz989j+TH+YtU2GG//yp8gJquzuqO8oB7H9a1bhQRBtRhwF2+vhCMFsbahXEgqMJg==",
      "requires": {
        "primer-support": "4.6.1"
      }
    },
    "primer-buttons": {
      "version": "2.6.1",
      "resolved": "https://registry.npmjs.org/primer-buttons/-/primer-buttons-2.6.1.tgz",
      "integrity": "sha512-ofIXF6RHh/CUMB8oHMs9x2k+ddHtKhYADY1DSMy2JRJKq6nVIUW1eKa/0OatjB+GB6Jx1VERQLDnlfSULIMM2Q==",
      "requires": {
        "primer-support": "4.6.1"
      }
    },
    "primer-core": {
      "version": "6.10.4",
      "resolved": "https://registry.npmjs.org/primer-core/-/primer-core-6.10.4.tgz",
      "integrity": "sha512-uq1eQSRarg+njKtcIaMQjnQ6h/P9hElCkLe0ctnBeG+MOs9CwYhc10TO5bLbOdHnCDXQHoppszFn+3qlvrHyLA==",
      "requires": {
        "primer-base": "1.8.0",
        "primer-box": "2.5.10",
        "primer-breadcrumb": "1.5.6",
        "primer-buttons": "2.6.1",
        "primer-forms": "2.1.5",
        "primer-layout": "1.5.0",
        "primer-navigation": "1.5.8",
        "primer-pagination": "1.0.4",
        "primer-support": "4.6.1",
        "primer-table-object": "1.4.10",
        "primer-tooltips": "1.5.8",
        "primer-truncate": "1.4.10",
        "primer-utilities": "4.13.0"
      }
    },
    "primer-forms": {
      "version": "2.1.5",
      "resolved": "https://registry.npmjs.org/primer-forms/-/primer-forms-2.1.5.tgz",
      "integrity": "sha512-fxJjJjRV+f3OsyDt1CgaVhcUTKYMo22L4WrmTdf6R+oMyIBFlnVikArpB0Ln3dDTNGyt4k2TclCIldo+is9CTQ==",
      "requires": {
        "primer-support": "4.6.1"
      }
    },
    "primer-labels": {
      "version": "1.5.10",
      "resolved": "https://registry.npmjs.org/primer-labels/-/primer-labels-1.5.10.tgz",
      "integrity": "sha512-HwXq+Rn0hfxv99UdXXQ8z4ZeMj+3cSVsdTGLq6hjhs/4NGs/kHBCIqUPDRy6M0YQmv2yRWZP331amod3ZURcjg==",
      "requires": {
        "primer-support": "4.6.1"
      }
    },
    "primer-layout": {
      "version": "1.5.0",
      "resolved": "https://registry.npmjs.org/primer-layout/-/primer-layout-1.5.0.tgz",
      "integrity": "sha512-OsY6Xj6iSoQ3SnFOE6lHrGOP7r5G4zVJ1C0k5uYakXJZ6uXcaoYLOAox+QNxeQldygCBBXYrbvHpTKmWLY4sIQ==",
      "requires": {
        "primer-support": "4.6.1"
      }
    },
    "primer-markdown": {
      "version": "3.7.10",
      "resolved": "https://registry.npmjs.org/primer-markdown/-/primer-markdown-3.7.10.tgz",
      "integrity": "sha512-kFa1ESeFNkE7WHd1y9XpNXy1zDQs/VPzdxcfPGcV/IPmzolqIauiIFktpvwkIoRUevoRKhF2/cIIHa//hMxpEA==",
      "requires": {
        "primer-support": "4.6.1"
      }
    },
    "primer-marketing": {
      "version": "6.3.0",
      "resolved": "https://registry.npmjs.org/primer-marketing/-/primer-marketing-6.3.0.tgz",
      "integrity": "sha512-WkfnWjcFsoUG18qx7Vu1RrqoBAVDJ0bTkrgSQApMBfxZ3f4VmjkXP2QD520vxT+UNM+nkJWkRHF4QqLwG8kT8A==",
      "requires": {
        "primer-marketing-buttons": "1.0.10",
        "primer-marketing-support": "1.5.3",
        "primer-marketing-type": "1.4.10",
        "primer-marketing-utilities": "1.7.0",
        "primer-page-headers": "1.5.0",
        "primer-page-sections": "1.5.0",
        "primer-support": "4.6.1",
        "primer-tables": "1.5.0"
      }
    },
    "primer-marketing-buttons": {
      "version": "1.0.10",
      "resolved": "https://registry.npmjs.org/primer-marketing-buttons/-/primer-marketing-buttons-1.0.10.tgz",
      "integrity": "sha512-dIpOF0iM21gFb3U9323bXnikaCfg4y2ljVRgpwPeDqPq9e9muP7YBUj/xN5EZa0wQPyO9Y1ay//Cthmp8B3Cxw==",
      "requires": {
        "primer-support": "4.6.1"
      }
    },
    "primer-marketing-support": {
      "version": "1.5.3",
      "resolved": "https://registry.npmjs.org/primer-marketing-support/-/primer-marketing-support-1.5.3.tgz",
      "integrity": "sha1-685wxymb14DSQ+R8+iOFzPMYnU0="
    },
    "primer-marketing-type": {
      "version": "1.4.10",
      "resolved": "https://registry.npmjs.org/primer-marketing-type/-/primer-marketing-type-1.4.10.tgz",
      "integrity": "sha512-s9iI1W94diyUhJNECip/udY+dA2y+s3IkIJyju2dBlZM7kw/dT4u+OpZMQ/k4lvSW0nZIulKaMW1fHEwRloBBQ==",
      "requires": {
        "primer-marketing-support": "1.5.3",
        "primer-support": "4.6.1"
      }
    },
    "primer-marketing-utilities": {
      "version": "1.7.0",
      "resolved": "https://registry.npmjs.org/primer-marketing-utilities/-/primer-marketing-utilities-1.7.0.tgz",
      "integrity": "sha512-KPOQyWc3VeVHugZqydaxr2kIPSRRoHyOWtYxvl/THZqDHZ2UfYuhp2ZcwE0aIf5QteTSDEYrf2uAtN/gh807xg==",
      "requires": {
        "primer-marketing-support": "1.5.3",
        "primer-support": "4.6.1"
      }
    },
    "primer-navigation": {
      "version": "1.5.8",
      "resolved": "https://registry.npmjs.org/primer-navigation/-/primer-navigation-1.5.8.tgz",
      "integrity": "sha512-0a7J604yAf4hYgKsDBfgVwDKp7W5xx33Zpu1xCb6BZ3nNCWn5YkpZ2V/wM3LBM2WujCQH55WkXHLRt36+eNySw==",
      "requires": {
        "primer-support": "4.6.1"
      }
    },
    "primer-page-headers": {
      "version": "1.5.0",
      "resolved": "https://registry.npmjs.org/primer-page-headers/-/primer-page-headers-1.5.0.tgz",
      "integrity": "sha512-0OrhQix6vQNbP+hZKpLmTjI2LWTW2fgOB7b5ErX8wPcJIK37+WsPR645ivrL/9mfM/kzW6RI0U90VH0Nm5hQRQ==",
      "requires": {
        "primer-marketing-support": "1.5.3",
        "primer-support": "4.6.1"
      }
    },
    "primer-page-sections": {
      "version": "1.5.0",
      "resolved": "https://registry.npmjs.org/primer-page-sections/-/primer-page-sections-1.5.0.tgz",
      "integrity": "sha512-HA+uHnH0EOGPTeS7+EJzs6JbNduzG0nM00T8P79hMDAu712hdpwFBze4bWD1QiQOraFpIdZR0hRbJKFm50Xmig==",
      "requires": {
        "primer-marketing-support": "1.5.3",
        "primer-support": "4.6.1"
      }
    },
    "primer-pagination": {
      "version": "1.0.4",
      "resolved": "https://registry.npmjs.org/primer-pagination/-/primer-pagination-1.0.4.tgz",
      "integrity": "sha512-7RGu5hU/JFLJ7Rv8CvWf9WQ7MrhoQB8RsuKqhCeSj/2xdiEgU/mC4anZeLAe5QSQwxfzfMmGWdTqh7adREuIbw==",
      "requires": {
        "primer-support": "4.6.1"
      }
    },
    "primer-popover": {
      "version": "0.1.5",
      "resolved": "https://registry.npmjs.org/primer-popover/-/primer-popover-0.1.5.tgz",
      "integrity": "sha512-1tZ/memsFthEHrgp+Cipk7PlzMDBwShp4Wip/H7pASJiZOdOZdUOGdaDZgu0ZfEJ1138++mkeUuEwprzhc1/fg==",
      "requires": {
        "primer-support": "4.6.1"
      }
    },
    "primer-product": {
      "version": "5.7.0",
      "resolved": "https://registry.npmjs.org/primer-product/-/primer-product-5.7.0.tgz",
      "integrity": "sha512-Ul7A3gq0keTUoGo/lrzuithAHJ2iL1CZmG4FWMBIJQMimCArZJ0aXxkUdH4EwQdlQhLLk7AwAC29vv2ZIaA76g==",
      "requires": {
        "primer-alerts": "1.5.10",
        "primer-avatars": "1.5.7",
        "primer-blankslate": "1.4.10",
        "primer-branch-name": "1.0.8",
        "primer-labels": "1.5.10",
        "primer-markdown": "3.7.10",
        "primer-popover": "0.1.5",
        "primer-subhead": "1.0.8",
        "primer-support": "4.6.1"
      }
    },
    "primer-subhead": {
      "version": "1.0.8",
      "resolved": "https://registry.npmjs.org/primer-subhead/-/primer-subhead-1.0.8.tgz",
      "integrity": "sha512-OoFDvwUkHP7Bc5IlW0YlQWZn6XTFjqewAuiMescvZjMBvjyjrkjzFhLbs+X5LCuvSb2Bs4Mq0uGM6zRq6t31+Q==",
      "requires": {
        "primer-support": "4.6.1"
      }
    },
    "primer-support": {
      "version": "4.6.1",
      "resolved": "https://registry.npmjs.org/primer-support/-/primer-support-4.6.1.tgz",
      "integrity": "sha512-w+oz7junvXugOBW/F6gC7ZP8T4lSpWJmYl3hLr3gih508nLMJRGzbIVjAfziorVYOdAfItuzvQrvwK0q/HFm/Q=="
    },
    "primer-table-object": {
      "version": "1.4.10",
      "resolved": "https://registry.npmjs.org/primer-table-object/-/primer-table-object-1.4.10.tgz",
      "integrity": "sha512-3VrxI3+gBRlb0t295vfI36+nA5SaiiqPzjfJZKV+tOp77ikSq3eaO3yUDl9tdd0Dbw/4AMXlL7xu4pbLAw9MCw==",
      "requires": {
        "primer-support": "4.6.1"
      }
    },
    "primer-tables": {
      "version": "1.5.0",
      "resolved": "https://registry.npmjs.org/primer-tables/-/primer-tables-1.5.0.tgz",
      "integrity": "sha512-bdV89tBIBEu9O34t4kE88wTb2LbsnVLbC4vtXwxK0SV5NbA5V9TxAFvMY8tNXMDyiemn14it9uCCJrJeczqiOw==",
      "requires": {
        "primer-marketing-support": "1.5.3",
        "primer-support": "4.6.1"
      }
    },
    "primer-tooltips": {
      "version": "1.5.8",
      "resolved": "https://registry.npmjs.org/primer-tooltips/-/primer-tooltips-1.5.8.tgz",
      "integrity": "sha512-nzyxkABBFGhbPw0N+wAZmAa+gPCVjL1eHuakD0QXsUPm3e1cPbStJ3Zy6pPM77HU9dhIsfmGlWC2BQmyOa2+Zg==",
      "requires": {
        "primer-support": "4.6.1"
      }
    },
    "primer-truncate": {
      "version": "1.4.10",
      "resolved": "https://registry.npmjs.org/primer-truncate/-/primer-truncate-1.4.10.tgz",
      "integrity": "sha512-ztLxZjNweV1NJLoj9GQMxWkZDmpvtBZIztToW5iucTym+qXwaLIXjVcqaHCuZDS2w48Yp+iC8w1ihAV8di+alg==",
      "requires": {
        "primer-support": "4.6.1"
      }
    },
    "primer-utilities": {
      "version": "4.13.0",
      "resolved": "https://registry.npmjs.org/primer-utilities/-/primer-utilities-4.13.0.tgz",
      "integrity": "sha512-/y06jBkScVF+Xg+GelOeoS7Ipgue6qujDXtrHzacLbLqtbKGjGN7W75I9nvg/hshai/oRuA1Xco8eee+HIrYbQ==",
      "requires": {
        "primer-support": "4.6.1"
      }
    }
  }
}
