{
  "name": "papillon-blankslate",
  "version": "1.0.0",
  "lockfileVersion": 1,
  "requires": true,
  "dependencies": {
    "primer-blankslate": {
      "version": "1.4.9",
      "resolved": "https://registry.npmjs.org/primer-blankslate/-/primer-blankslate-1.4.9.tgz",
      "integrity": "sha1-hCJSXOIMupobGkImEuoPqKLuA18=",
      "requires": {
        "primer-support": "4.6.0"
      }
    },
    "primer-support": {
      "version": "4.6.0",
      "resolved": "https://registry.npmjs.org/primer-support/-/primer-support-4.6.0.tgz",
      "integrity": "sha1-Qq0w6+ox9/q7UpEnsyhk1sv8Kzw="
    }
  }
}
