{
  "name": "papillon-product",
  "version": "1.0.0",
  "lockfileVersion": 1,
  "requires": true,
  "dependencies": {
    "primer-alerts": {
      "version": "1.5.9",
      "resolved": "https://registry.npmjs.org/primer-alerts/-/primer-alerts-1.5.9.tgz",
      "integrity": "sha1-w6vFQV2ldkWhMlSy+WRC2uagMis=",
      "requires": {
        "primer-support": "4.6.0"
      }
    },
    "primer-avatars": {
      "version": "1.5.6",
      "resolved": "https://registry.npmjs.org/primer-avatars/-/primer-avatars-1.5.6.tgz",
      "integrity": "sha1-rUpQB8/0soyAQ6KM32LRLOMomRI=",
      "requires": {
        "primer-support": "4.6.0"
      }
    },
    "primer-blankslate": {
      "version": "1.4.9",
      "resolved": "https://registry.npmjs.org/primer-blankslate/-/primer-blankslate-1.4.9.tgz",
      "integrity": "sha1-hCJSXOIMupobGkImEuoPqKLuA18=",
      "requires": {
        "primer-support": "4.6.0"
      }
    },
    "primer-branch-name": {
      "version": "1.0.7",
      "resolved": "https://registry.npmjs.org/primer-branch-name/-/primer-branch-name-1.0.7.tgz",
      "integrity": "sha1-X59bB8sXC+qL4oJC0HO4GZ19meo=",
      "requires": {
        "primer-support": "4.6.0"
      }
    },
    "primer-labels": {
      "version": "1.5.9",
      "resolved": "https://registry.npmjs.org/primer-labels/-/primer-labels-1.5.9.tgz",
      "integrity": "sha1-R6HVaQmM4ALaxI0BdqtKrRoCQ+I=",
      "requires": {
        "primer-support": "4.6.0"
      }
    },
    "primer-markdown": {
      "version": "3.7.9",
      "resolved": "https://registry.npmjs.org/primer-markdown/-/primer-markdown-3.7.9.tgz",
      "integrity": "sha1-1FmlTlCeXuUZVRV6MTcbKaEIDmM=",
      "requires": {
        "primer-support": "4.6.0"
      }
    },
    "primer-popover": {
      "version": "0.1.4",
      "resolved": "https://registry.npmjs.org/primer-popover/-/primer-popover-0.1.4.tgz",
      "integrity": "sha1-dNSBAl16Jau7zVTf1g4nJYZVLYA=",
      "requires": {
        "primer-support": "4.6.0"
      }
    },
    "primer-product": {
      "version": "5.6.7",
      "resolved": "https://registry.npmjs.org/primer-product/-/primer-product-5.6.7.tgz",
      "integrity": "sha1-K5EJaBukJP49BC6qecdi08s82Vo=",
      "requires": {
        "primer-alerts": "1.5.9",
        "primer-avatars": "1.5.6",
        "primer-blankslate": "1.4.9",
        "primer-branch-name": "1.0.7",
        "primer-labels": "1.5.9",
        "primer-markdown": "3.7.9",
        "primer-popover": "0.1.4",
        "primer-subhead": "1.0.7",
        "primer-support": "4.6.0"
      }
    },
    "primer-subhead": {
      "version": "1.0.7",
      "resolved": "https://registry.npmjs.org/primer-subhead/-/primer-subhead-1.0.7.tgz",
      "integrity": "sha1-Gwg27lGtouSvBLlDPaIQVf+sO0c=",
      "requires": {
        "primer-support": "4.6.0"
      }
    },
    "primer-support": {
      "version": "4.6.0",
      "resolved": "https://registry.npmjs.org/primer-support/-/primer-support-4.6.0.tgz",
      "integrity": "sha1-Qq0w6+ox9/q7UpEnsyhk1sv8Kzw="
    }
  }
}
